
Microsoft Visual Studio Solution File, Format Version 12.00
# Visual Studio Version 17
VisualStudioVersion = 17.8.34112.27
MinimumVisualStudioVersion = 10.0.40219.1
Project("{9A19103F-16F7-4668-BE54-9A1E7A4F7556}") = "BoletoService.Api", "BoletoService.Api\BoletoService.Api.csproj", "{E8A05F9E-2588-41F4-8DC0-C0FAFE8190EE}"
	ProjectSection(ProjectDependencies) = postProject
		{A166C747-A97B-4B46-A4B5-0474ABEAA2F6} = {A166C747-A97B-4B46-A4B5-0474ABEAA2F6}
		{C149882F-ACEE-4659-8107-86D57DF592F3} = {C149882F-ACEE-4659-8107-86D57DF592F3}
	EndProjectSection
EndProject
Project("{9A19103F-16F7-4668-BE54-9A1E7A4F7556}") = "BoletoService.Domain", "BoletoService.Domain\BoletoService.Domain.csproj", "{FD685558-A159-408C-8EB8-0606E1578C90}"
EndProject
Project("{9A19103F-16F7-4668-BE54-9A1E7A4F7556}") = "BoletoService.Infra", "BoletoService.Infra\BoletoService.Infra.csproj", "{C149882F-ACEE-4659-8107-86D57DF592F3}"
EndProject
Project("{9A19103F-16F7-4668-BE54-9A1E7A4F7556}") = "BoletoService.Application", "BoletoService.Application\BoletoService.Application.csproj", "{A166C747-A97B-4B46-A4B5-0474ABEAA2F6}"
EndProject
Project("{9A19103F-16F7-4668-BE54-9A1E7A4F7556}") = "BoletoService.Shared", "BoletoService.Shared\BoletoService.Shared.csproj", "{8DBE299A-4481-48D5-98AC-5C44F50F21C2}"
EndProject
Global
	GlobalSection(SolutionConfigurationPlatforms) = preSolution
		Debug|Any CPU = Debug|Any CPU
		Release|Any CPU = Release|Any CPU
	EndGlobalSection
	GlobalSection(ProjectConfigurationPlatforms) = postSolution
		{E8A05F9E-2588-41F4-8DC0-C0FAFE8190EE}.Debug|Any CPU.ActiveCfg = Debug|Any CPU
		{E8A05F9E-2588-41F4-8DC0-C0FAFE8190EE}.Debug|Any CPU.Build.0 = Debug|Any CPU
		{E8A05F9E-2588-41F4-8DC0-C0FAFE8190EE}.Release|Any CPU.ActiveCfg = Release|Any CPU
		{E8A05F9E-2588-41F4-8DC0-C0FAFE8190EE}.Release|Any CPU.Build.0 = Release|Any CPU
		{FD685558-A159-408C-8EB8-0606E1578C90}.Debug|Any CPU.ActiveCfg = Debug|Any CPU
		{FD685558-A159-408C-8EB8-0606E1578C90}.Debug|Any CPU.Build.0 = Debug|Any CPU
		{FD685558-A159-408C-8EB8-0606E1578C90}.Release|Any CPU.ActiveCfg = Release|Any CPU
		{FD685558-A159-408C-8EB8-0606E1578C90}.Release|Any CPU.Build.0 = Release|Any CPU
		{C149882F-ACEE-4659-8107-86D57DF592F3}.Debug|Any CPU.ActiveCfg = Debug|Any CPU
		{C149882F-ACEE-4659-8107-86D57DF592F3}.Debug|Any CPU.Build.0 = Debug|Any CPU
		{C149882F-ACEE-4659-8107-86D57DF592F3}.Release|Any CPU.ActiveCfg = Release|Any CPU
		{C149882F-ACEE-4659-8107-86D57DF592F3}.Release|Any CPU.Build.0 = Release|Any CPU
		{A166C747-A97B-4B46-A4B5-0474ABEAA2F6}.Debug|Any CPU.ActiveCfg = Debug|Any CPU
		{A166C747-A97B-4B46-A4B5-0474ABEAA2F6}.Debug|Any CPU.Build.0 = Debug|Any CPU
		{A166C747-A97B-4B46-A4B5-0474ABEAA2F6}.Release|Any CPU.ActiveCfg = Release|Any CPU
		{A166C747-A97B-4B46-A4B5-0474ABEAA2F6}.Release|Any CPU.Build.0 = Release|Any CPU
		{8DBE299A-4481-48D5-98AC-5C44F50F21C2}.Debug|Any CPU.ActiveCfg = Debug|Any CPU
		{8DBE299A-4481-48D5-98AC-5C44F50F21C2}.Debug|Any CPU.Build.0 = Debug|Any CPU
		{8DBE299A-4481-48D5-98AC-5C44F50F21C2}.Release|Any CPU.ActiveCfg = Release|Any CPU
		{8DBE299A-4481-48D5-98AC-5C44F50F21C2}.Release|Any CPU.Build.0 = Release|Any CPU
	EndGlobalSection
	GlobalSection(SolutionProperties) = preSolution
		HideSolutionNode = FALSE
	EndGlobalSection
	GlobalSection(ExtensibilityGlobals) = postSolution
		SolutionGuid = {66651FC4-7CB3-4547-91BD-651C335635B2}
	EndGlobalSection
EndGlobal
